// !$*UTF8*$!
{
	archiveVersion = 1;
	classes = {
	};
	objectVersion = 56;
	objects = {

/* Begin PBXBuildFile section */
		7C5D5F052BF3B4D0006A7DDF /* FirebaseAuth in Frameworks */ = {isa = PBXBuildFile; productRef = 7C5D5F042BF3B4D0006A7DDF /* FirebaseAuth */; };
		7C5D5F072BF3B4D0006A7DDF /* FirebaseFirestore in Frameworks */ = {isa = PBXBuildFile; productRef = 7C5D5F062BF3B4D0006A7DDF /* FirebaseFirestore */; };
		7C5D5F0B2BF3BCF0006A7DDF /* Poppins-Regular.ttf in Resources */ = {isa = PBXBuildFile; fileRef = 7C5D5F082BF3BCF0006A7DDF /* Poppins-Regular.ttf */; };
		7C5D5F0C2BF3BCF0006A7DDF /* Poppins-Bold.ttf in Resources */ = {isa = PBXBuildFile; fileRef = 7C5D5F092BF3BCF0006A7DDF /* Poppins-Bold.ttf */; };
		7C5D5F0D2BF3BCF0006A7DDF /* Poppins-MediumItalic.ttf in Resources */ = {isa = PBXBuildFile; fileRef = 7C5D5F0A2BF3BCF0006A7DDF /* Poppins-MediumItalic.ttf */; };
		7C5D5F1F2BF51309006A7DDF /* Images.xcassets in Resources */ = {isa = PBXBuildFile; fileRef = 7C5D5F1E2BF51309006A7DDF /* Images.xcassets */; };
		7C5D5F212BF5131F006A7DDF /* Colors.xcassets in Resources */ = {isa = PBXBuildFile; fileRef = 7C5D5F202BF5131F006A7DDF /* Colors.xcassets */; };
		7C5D5F802BF5181A006A7DDF /* FirebaseStorage in Frameworks */ = {isa = PBXBuildFile; productRef = 7C5D5F7F2BF5181A006A7DDF /* FirebaseStorage */; };
		7C5D5F8B2BF56FF6006A7DDF /* HomeworkViewController.swift in Sources */ = {isa = PBXBuildFile; fileRef = 7C5D5F8A2BF56FF6006A7DDF /* HomeworkViewController.swift */; };
		7C5D5F8D2BF5701A006A7DDF /* HorizontalCollectionView.swift in Sources */ = {isa = PBXBuildFile; fileRef = 7C5D5F8C2BF5701A006A7DDF /* HorizontalCollectionView.swift */; };
		7C5D5F8F2BF57034006A7DDF /* ParentCollectionView.swift in Sources */ = {isa = PBXBuildFile; fileRef = 7C5D5F8E2BF57034006A7DDF /* ParentCollectionView.swift */; };
		7C5D5F912BF57060006A7DDF /* InnerCollectionViewCell.swift in Sources */ = {isa = PBXBuildFile; fileRef = 7C5D5F902BF57060006A7DDF /* InnerCollectionViewCell.swift */; };
		7C5D5F932BF57A14006A7DDF /* RegularCollectionViewCell.swift in Sources */ = {isa = PBXBuildFile; fileRef = 7C5D5F922BF57A14006A7DDF /* RegularCollectionViewCell.swift */; };
		7C5D5F952BF57A4B006A7DDF /* UICollectionViewCell.swift in Sources */ = {isa = PBXBuildFile; fileRef = 7C5D5F942BF57A4B006A7DDF /* UICollectionViewCell.swift */; };
		7CEC001A2BF0FCF900C29F36 /* Course_AppUITests.swift in Sources */ = {isa = PBXBuildFile; fileRef = 7CEC00192BF0FCF900C29F36 /* Course_AppUITests.swift */; };
		7CEC001C2BF0FCF900C29F36 /* Course_AppUITestsLaunchTests.swift in Sources */ = {isa = PBXBuildFile; fileRef = 7CEC001B2BF0FCF900C29F36 /* Course_AppUITestsLaunchTests.swift */; };
		7CEC00292BF0FD2100C29F36 /* Course_AppTests.swift in Sources */ = {isa = PBXBuildFile; fileRef = 7CEC00282BF0FD2100C29F36 /* Course_AppTests.swift */; };
		7CEC00402BF1051F00C29F36 /* Configuration.swift in Sources */ = {isa = PBXBuildFile; fileRef = 7CEC003F2BF1051F00C29F36 /* Configuration.swift */; };
		7CECFFEA2BDD7B4000C29F36 /* CourseApp.swift in Sources */ = {isa = PBXBuildFile; fileRef = 7CECFFE92BDD7B4000C29F36 /* CourseApp.swift */; };
		7CECFFEC2BDD7B4000C29F36 /* ContentView.swift in Sources */ = {isa = PBXBuildFile; fileRef = 7CECFFEB2BDD7B4000C29F36 /* ContentView.swift */; };
		7CECFFEE2BDD7B4200C29F36 /* Assets.xcassets in Resources */ = {isa = PBXBuildFile; fileRef = 7CECFFED2BDD7B4200C29F36 /* Assets.xcassets */; };
		7CECFFF12BDD7B4200C29F36 /* Preview Assets.xcassets in Resources */ = {isa = PBXBuildFile; fileRef = 7CECFFF02BDD7B4200C29F36 /* Preview Assets.xcassets */; };
/* End PBXBuildFile section */

/* Begin PBXContainerItemProxy section */
		7CEC001D2BF0FCF900C29F36 /* PBXContainerItemProxy */ = {
			isa = PBXContainerItemProxy;
			containerPortal = 7CECFFDE2BDD7B4000C29F36 /* Project object */;
			proxyType = 1;
			remoteGlobalIDString = 7CECFFE52BDD7B4000C29F36;
			remoteInfo = "Course App";
		};
		7CEC002A2BF0FD2100C29F36 /* PBXContainerItemProxy */ = {
			isa = PBXContainerItemProxy;
			containerPortal = 7CECFFDE2BDD7B4000C29F36 /* Project object */;
			proxyType = 1;
			remoteGlobalIDString = 7CECFFE52BDD7B4000C29F36;
			remoteInfo = "Course App";
		};
/* End PBXContainerItemProxy section */

/* Begin PBXFileReference section */
		7C5D5F082BF3BCF0006A7DDF /* Poppins-Regular.ttf */ = {isa = PBXFileReference; lastKnownFileType = file; path = "Poppins-Regular.ttf"; sourceTree = "<group>"; };
		7C5D5F092BF3BCF0006A7DDF /* Poppins-Bold.ttf */ = {isa = PBXFileReference; lastKnownFileType = file; path = "Poppins-Bold.ttf"; sourceTree = "<group>"; };
		7C5D5F0A2BF3BCF0006A7DDF /* Poppins-MediumItalic.ttf */ = {isa = PBXFileReference; lastKnownFileType = file; path = "Poppins-MediumItalic.ttf"; sourceTree = "<group>"; };
		7C5D5F1E2BF51309006A7DDF /* Images.xcassets */ = {isa = PBXFileReference; lastKnownFileType = folder.assetcatalog; path = Images.xcassets; sourceTree = "<group>"; };
		7C5D5F202BF5131F006A7DDF /* Colors.xcassets */ = {isa = PBXFileReference; lastKnownFileType = folder.assetcatalog; path = Colors.xcassets; sourceTree = "<group>"; };
		7C5D5F8A2BF56FF6006A7DDF /* HomeworkViewController.swift */ = {isa = PBXFileReference; lastKnownFileType = sourcecode.swift; path = HomeworkViewController.swift; sourceTree = "<group>"; };
		7C5D5F8C2BF5701A006A7DDF /* HorizontalCollectionView.swift */ = {isa = PBXFileReference; lastKnownFileType = sourcecode.swift; path = HorizontalCollectionView.swift; sourceTree = "<group>"; };
		7C5D5F8E2BF57034006A7DDF /* ParentCollectionView.swift */ = {isa = PBXFileReference; lastKnownFileType = sourcecode.swift; path = ParentCollectionView.swift; sourceTree = "<group>"; };
		7C5D5F902BF57060006A7DDF /* InnerCollectionViewCell.swift */ = {isa = PBXFileReference; lastKnownFileType = sourcecode.swift; path = InnerCollectionViewCell.swift; sourceTree = "<group>"; };
		7C5D5F922BF57A14006A7DDF /* RegularCollectionViewCell.swift */ = {isa = PBXFileReference; lastKnownFileType = sourcecode.swift; path = RegularCollectionViewCell.swift; sourceTree = "<group>"; };
		7C5D5F942BF57A4B006A7DDF /* UICollectionViewCell.swift */ = {isa = PBXFileReference; lastKnownFileType = sourcecode.swift; path = UICollectionViewCell.swift; sourceTree = "<group>"; };
		7CEC00172BF0FCF900C29F36 /* Course AppUITests.xctest */ = {isa = PBXFileReference; explicitFileType = wrapper.cfbundle; includeInIndex = 0; path = "Course AppUITests.xctest"; sourceTree = BUILT_PRODUCTS_DIR; };
		7CEC00192BF0FCF900C29F36 /* Course_AppUITests.swift */ = {isa = PBXFileReference; lastKnownFileType = sourcecode.swift; path = Course_AppUITests.swift; sourceTree = "<group>"; };
		7CEC001B2BF0FCF900C29F36 /* Course_AppUITestsLaunchTests.swift */ = {isa = PBXFileReference; lastKnownFileType = sourcecode.swift; path = Course_AppUITestsLaunchTests.swift; sourceTree = "<group>"; };
		7CEC00262BF0FD2100C29F36 /* Course AppTests.xctest */ = {isa = PBXFileReference; explicitFileType = wrapper.cfbundle; includeInIndex = 0; path = "Course AppTests.xctest"; sourceTree = BUILT_PRODUCTS_DIR; };
		7CEC00282BF0FD2100C29F36 /* Course_AppTests.swift */ = {isa = PBXFileReference; lastKnownFileType = sourcecode.swift; path = Course_AppTests.swift; sourceTree = "<group>"; };
		7CEC00302BF0FF8E00C29F36 /* Development.xcconfig */ = {isa = PBXFileReference; lastKnownFileType = text.xcconfig; path = Development.xcconfig; sourceTree = "<group>"; };
		7CEC00312BF1003C00C29F36 /* Production.xcconfig */ = {isa = PBXFileReference; lastKnownFileType = text.xcconfig; path = Production.xcconfig; sourceTree = "<group>"; };
		7CEC003E2BF1044900C29F36 /* Course-App-Info.plist */ = {isa = PBXFileReference; lastKnownFileType = text.plist; path = "Course-App-Info.plist"; sourceTree = SOURCE_ROOT; };
		7CEC003F2BF1051F00C29F36 /* Configuration.swift */ = {isa = PBXFileReference; lastKnownFileType = sourcecode.swift; path = Configuration.swift; sourceTree = "<group>"; };
		7CECFFE62BDD7B4000C29F36 /* App Course Dev.app */ = {isa = PBXFileReference; explicitFileType = wrapper.application; includeInIndex = 0; path = "App Course Dev.app"; sourceTree = BUILT_PRODUCTS_DIR; };
		7CECFFE92BDD7B4000C29F36 /* CourseApp.swift */ = {isa = PBXFileReference; lastKnownFileType = sourcecode.swift; path = CourseApp.swift; sourceTree = "<group>"; };
		7CECFFEB2BDD7B4000C29F36 /* ContentView.swift */ = {isa = PBXFileReference; lastKnownFileType = sourcecode.swift; path = ContentView.swift; sourceTree = "<group>"; };
		7CECFFED2BDD7B4200C29F36 /* Assets.xcassets */ = {isa = PBXFileReference; lastKnownFileType = folder.assetcatalog; path = Assets.xcassets; sourceTree = "<group>"; };
		7CECFFF02BDD7B4200C29F36 /* Preview Assets.xcassets */ = {isa = PBXFileReference; lastKnownFileType = folder.assetcatalog; path = "Preview Assets.xcassets"; sourceTree = "<group>"; };
/* End PBXFileReference section */

/* Begin PBXFrameworksBuildPhase section */
		7CEC00142BF0FCF900C29F36 /* Frameworks */ = {
			isa = PBXFrameworksBuildPhase;
			buildActionMask = 2147483647;
			files = (
			);
			runOnlyForDeploymentPostprocessing = 0;
		};
		7CEC00232BF0FD2100C29F36 /* Frameworks */ = {
			isa = PBXFrameworksBuildPhase;
			buildActionMask = 2147483647;
			files = (
			);
			runOnlyForDeploymentPostprocessing = 0;
		};
		7CECFFE32BDD7B4000C29F36 /* Frameworks */ = {
			isa = PBXFrameworksBuildPhase;
			buildActionMask = 2147483647;
			files = (
				7C5D5F052BF3B4D0006A7DDF /* FirebaseAuth in Frameworks */,
				7C5D5F072BF3B4D0006A7DDF /* FirebaseFirestore in Frameworks */,
				7C5D5F802BF5181A006A7DDF /* FirebaseStorage in Frameworks */,
			);
			runOnlyForDeploymentPostprocessing = 0;
		};
/* End PBXFrameworksBuildPhase section */

/* Begin PBXGroup section */
		7C5D5F112BF5111C006A7DDF /* Common */ = {
			isa = PBXGroup;
			children = (
			);
			path = Common;
			sourceTree = "<group>";
		};
		7C5D5F122BF5114B006A7DDF /* DataAPI */ = {
			isa = PBXGroup;
			children = (
			);
			path = DataAPI;
			sourceTree = "<group>";
		};
		7C5D5F132BF51160006A7DDF /* Resources */ = {
			isa = PBXGroup;
			children = (
				7C5D5F142BF51167006A7DDF /* Fonts */,
				7C5D5F1E2BF51309006A7DDF /* Images.xcassets */,
				7C5D5F202BF5131F006A7DDF /* Colors.xcassets */,
			);
			path = Resources;
			sourceTree = "<group>";
		};
		7C5D5F142BF51167006A7DDF /* Fonts */ = {
			isa = PBXGroup;
			children = (
				7C5D5F092BF3BCF0006A7DDF /* Poppins-Bold.ttf */,
				7C5D5F0A2BF3BCF0006A7DDF /* Poppins-MediumItalic.ttf */,
				7C5D5F082BF3BCF0006A7DDF /* Poppins-Regular.ttf */,
			);
			path = Fonts;
			sourceTree = "<group>";
		};
		7C5D5F152BF51172006A7DDF /* Views */ = {
			isa = PBXGroup;
			children = (
				7C5D5F892BF56FE1006A7DDF /* UIKit */,
			);
			path = Views;
			sourceTree = "<group>";
		};
		7C5D5F7E2BF5181A006A7DDF /* Frameworks */ = {
			isa = PBXGroup;
			children = (
			);
			name = Frameworks;
			sourceTree = "<group>";
		};
		7C5D5F892BF56FE1006A7DDF /* UIKit */ = {
			isa = PBXGroup;
			children = (
				7C5D5F8A2BF56FF6006A7DDF /* HomeworkViewController.swift */,
				7C5D5F8C2BF5701A006A7DDF /* HorizontalCollectionView.swift */,
				7C5D5F8E2BF57034006A7DDF /* ParentCollectionView.swift */,
				7C5D5F902BF57060006A7DDF /* InnerCollectionViewCell.swift */,
				7C5D5F922BF57A14006A7DDF /* RegularCollectionViewCell.swift */,
				7C5D5F942BF57A4B006A7DDF /* UICollectionViewCell.swift */,
			);
			path = UIKit;
			sourceTree = "<group>";
		};
		7CEC00182BF0FCF900C29F36 /* Course AppUITests */ = {
			isa = PBXGroup;
			children = (
				7CEC00192BF0FCF900C29F36 /* Course_AppUITests.swift */,
				7CEC001B2BF0FCF900C29F36 /* Course_AppUITestsLaunchTests.swift */,
			);
			path = "Course AppUITests";
			sourceTree = "<group>";
		};
		7CEC00272BF0FD2100C29F36 /* Course AppTests */ = {
			isa = PBXGroup;
			children = (
				7CEC00282BF0FD2100C29F36 /* Course_AppTests.swift */,
			);
			path = "Course AppTests";
			sourceTree = "<group>";
		};
		7CEC002F2BF0FF3500C29F36 /* Configuration */ = {
			isa = PBXGroup;
			children = (
				7CEC00302BF0FF8E00C29F36 /* Development.xcconfig */,
				7CEC00312BF1003C00C29F36 /* Production.xcconfig */,
			);
			path = Configuration;
			sourceTree = "<group>";
		};
		7CECFFDD2BDD7B4000C29F36 = {
			isa = PBXGroup;
			children = (
				7CEC002F2BF0FF3500C29F36 /* Configuration */,
				7CECFFE82BDD7B4000C29F36 /* Course App */,
				7CEC00182BF0FCF900C29F36 /* Course AppUITests */,
				7CEC00272BF0FD2100C29F36 /* Course AppTests */,
				7CECFFE72BDD7B4000C29F36 /* Products */,
				7C5D5F7E2BF5181A006A7DDF /* Frameworks */,
			);
			sourceTree = "<group>";
		};
		7CECFFE72BDD7B4000C29F36 /* Products */ = {
			isa = PBXGroup;
			children = (
				7CECFFE62BDD7B4000C29F36 /* App Course Dev.app */,
				7CEC00172BF0FCF900C29F36 /* Course AppUITests.xctest */,
				7CEC00262BF0FD2100C29F36 /* Course AppTests.xctest */,
			);
			name = Products;
			sourceTree = "<group>";
		};
		7CECFFE82BDD7B4000C29F36 /* Course App */ = {
			isa = PBXGroup;
			children = (
				7C5D5F132BF51160006A7DDF /* Resources */,
				7C5D5F152BF51172006A7DDF /* Views */,
				7C5D5F122BF5114B006A7DDF /* DataAPI */,
				7C5D5F112BF5111C006A7DDF /* Common */,
				7CEC003E2BF1044900C29F36 /* Course-App-Info.plist */,
				7CECFFE92BDD7B4000C29F36 /* CourseApp.swift */,
				7CECFFEB2BDD7B4000C29F36 /* ContentView.swift */,
				7CECFFED2BDD7B4200C29F36 /* Assets.xcassets */,
				7CECFFEF2BDD7B4200C29F36 /* Preview Content */,
				7CEC003F2BF1051F00C29F36 /* Configuration.swift */,
			);
			path = "Course App";
			sourceTree = "<group>";
		};
		7CECFFEF2BDD7B4200C29F36 /* Preview Content */ = {
			isa = PBXGroup;
			children = (
				7CECFFF02BDD7B4200C29F36 /* Preview Assets.xcassets */,
			);
			path = "Preview Content";
			sourceTree = "<group>";
		};
/* End PBXGroup section */

/* Begin PBXNativeTarget section */
		7CEC00162BF0FCF900C29F36 /* Course AppUITests */ = {
			isa = PBXNativeTarget;
			buildConfigurationList = 7CEC001F2BF0FCF900C29F36 /* Build configuration list for PBXNativeTarget "Course AppUITests" */;
			buildPhases = (
				7CEC00132BF0FCF900C29F36 /* Sources */,
				7CEC00142BF0FCF900C29F36 /* Frameworks */,
				7CEC00152BF0FCF900C29F36 /* Resources */,
			);
			buildRules = (
			);
			dependencies = (
				7CEC001E2BF0FCF900C29F36 /* PBXTargetDependency */,
			);
			name = "Course AppUITests";
			productName = "Course AppUITests";
			productReference = 7CEC00172BF0FCF900C29F36 /* Course AppUITests.xctest */;
			productType = "com.apple.product-type.bundle.ui-testing";
		};
		7CEC00252BF0FD2100C29F36 /* Course AppTests */ = {
			isa = PBXNativeTarget;
			buildConfigurationList = 7CEC002C2BF0FD2100C29F36 /* Build configuration list for PBXNativeTarget "Course AppTests" */;
			buildPhases = (
				7CEC00222BF0FD2100C29F36 /* Sources */,
				7CEC00232BF0FD2100C29F36 /* Frameworks */,
				7CEC00242BF0FD2100C29F36 /* Resources */,
			);
			buildRules = (
			);
			dependencies = (
				7CEC002B2BF0FD2100C29F36 /* PBXTargetDependency */,
			);
			name = "Course AppTests";
			productName = "Course AppTests";
			productReference = 7CEC00262BF0FD2100C29F36 /* Course AppTests.xctest */;
			productType = "com.apple.product-type.bundle.unit-test";
		};
		7CECFFE52BDD7B4000C29F36 /* Course App */ = {
			isa = PBXNativeTarget;
			buildConfigurationList = 7CEC000A2BDD7B4200C29F36 /* Build configuration list for PBXNativeTarget "Course App" */;
			buildPhases = (
				7CECFFE22BDD7B4000C29F36 /* Sources */,
				7CECFFE32BDD7B4000C29F36 /* Frameworks */,
				7CECFFE42BDD7B4000C29F36 /* Resources */,
			);
			buildRules = (
			);
			dependencies = (
				7C5D5F022BF3B1BB006A7DDF /* PBXTargetDependency */,
			);
			name = "Course App";
			packageProductDependencies = (
				7C5D5F042BF3B4D0006A7DDF /* FirebaseAuth */,
				7C5D5F062BF3B4D0006A7DDF /* FirebaseFirestore */,
				7C5D5F7F2BF5181A006A7DDF /* FirebaseStorage */,
			);
			productName = "Course App";
			productReference = 7CECFFE62BDD7B4000C29F36 /* App Course Dev.app */;
			productType = "com.apple.product-type.application";
		};
/* End PBXNativeTarget section */

/* Begin PBXProject section */
		7CECFFDE2BDD7B4000C29F36 /* Project object */ = {
			isa = PBXProject;
			attributes = {
				BuildIndependentTargetsInParallel = 1;
				LastSwiftUpdateCheck = 1510;
				LastUpgradeCheck = 1510;
				TargetAttributes = {
					7CEC00162BF0FCF900C29F36 = {
						CreatedOnToolsVersion = 15.1;
						TestTargetID = 7CECFFE52BDD7B4000C29F36;
					};
					7CEC00252BF0FD2100C29F36 = {
						CreatedOnToolsVersion = 15.1;
						TestTargetID = 7CECFFE52BDD7B4000C29F36;
					};
					7CECFFE52BDD7B4000C29F36 = {
						CreatedOnToolsVersion = 15.1;
					};
				};
			};
			buildConfigurationList = 7CECFFE12BDD7B4000C29F36 /* Build configuration list for PBXProject "Course App" */;
			compatibilityVersion = "Xcode 14.0";
			developmentRegion = en;
			hasScannedForEncodings = 0;
			knownRegions = (
				en,
				Base,
			);
			mainGroup = 7CECFFDD2BDD7B4000C29F36;
			packageReferences = (
				7C5D5F002BF1226F006A7DDF /* XCRemoteSwiftPackageReference "SwiftLint" */,
				7C5D5F032BF3B4D0006A7DDF /* XCRemoteSwiftPackageReference "firebase-ios-sdk" */,
			);
			productRefGroup = 7CECFFE72BDD7B4000C29F36 /* Products */;
			projectDirPath = "";
			projectRoot = "";
			targets = (
				7CECFFE52BDD7B4000C29F36 /* Course App */,
				7CEC00162BF0FCF900C29F36 /* Course AppUITests */,
				7CEC00252BF0FD2100C29F36 /* Course AppTests */,
			);
		};
/* End PBXProject section */

/* Begin PBXResourcesBuildPhase section */
		7CEC00152BF0FCF900C29F36 /* Resources */ = {
			isa = PBXResourcesBuildPhase;
			buildActionMask = 2147483647;
			files = (
			);
			runOnlyForDeploymentPostprocessing = 0;
		};
		7CEC00242BF0FD2100C29F36 /* Resources */ = {
			isa = PBXResourcesBuildPhase;
			buildActionMask = 2147483647;
			files = (
			);
			runOnlyForDeploymentPostprocessing = 0;
		};
		7CECFFE42BDD7B4000C29F36 /* Resources */ = {
			isa = PBXResourcesBuildPhase;
			buildActionMask = 2147483647;
			files = (
				7C5D5F0B2BF3BCF0006A7DDF /* Poppins-Regular.ttf in Resources */,
				7CECFFF12BDD7B4200C29F36 /* Preview Assets.xcassets in Resources */,
				7CECFFEE2BDD7B4200C29F36 /* Assets.xcassets in Resources */,
				7C5D5F1F2BF51309006A7DDF /* Images.xcassets in Resources */,
				7C5D5F0C2BF3BCF0006A7DDF /* Poppins-Bold.ttf in Resources */,
				7C5D5F0D2BF3BCF0006A7DDF /* Poppins-MediumItalic.ttf in Resources */,
				7C5D5F212BF5131F006A7DDF /* Colors.xcassets in Resources */,
			);
			runOnlyForDeploymentPostprocessing = 0;
		};
/* End PBXResourcesBuildPhase section */

/* Begin PBXSourcesBuildPhase section */
		7CEC00132BF0FCF900C29F36 /* Sources */ = {
			isa = PBXSourcesBuildPhase;
			buildActionMask = 2147483647;
			files = (
				7CEC001A2BF0FCF900C29F36 /* Course_AppUITests.swift in Sources */,
				7CEC001C2BF0FCF900C29F36 /* Course_AppUITestsLaunchTests.swift in Sources */,
			);
			runOnlyForDeploymentPostprocessing = 0;
		};
		7CEC00222BF0FD2100C29F36 /* Sources */ = {
			isa = PBXSourcesBuildPhase;
			buildActionMask = 2147483647;
			files = (
				7CEC00292BF0FD2100C29F36 /* Course_AppTests.swift in Sources */,
			);
			runOnlyForDeploymentPostprocessing = 0;
		};
		7CECFFE22BDD7B4000C29F36 /* Sources */ = {
			isa = PBXSourcesBuildPhase;
			buildActionMask = 2147483647;
			files = (
				7CEC00402BF1051F00C29F36 /* Configuration.swift in Sources */,
				7CECFFEC2BDD7B4000C29F36 /* ContentView.swift in Sources */,
				7C5D5F8F2BF57034006A7DDF /* ParentCollectionView.swift in Sources */,
				7C5D5F932BF57A14006A7DDF /* RegularCollectionViewCell.swift in Sources */,
				7C5D5F912BF57060006A7DDF /* InnerCollectionViewCell.swift in Sources */,
				7C5D5F952BF57A4B006A7DDF /* UICollectionViewCell.swift in Sources */,
				7C5D5F8B2BF56FF6006A7DDF /* HomeworkViewController.swift in Sources */,
				7CECFFEA2BDD7B4000C29F36 /* CourseApp.swift in Sources */,
				7C5D5F8D2BF5701A006A7DDF /* HorizontalCollectionView.swift in Sources */,
			);
			runOnlyForDeploymentPostprocessing = 0;
		};
/* End PBXSourcesBuildPhase section */

/* Begin PBXTargetDependency section */
		7C5D5F022BF3B1BB006A7DDF /* PBXTargetDependency */ = {
			isa = PBXTargetDependency;
			productRef = 7C5D5F012BF3B1BB006A7DDF /* SwiftLintBuildToolPlugin */;
		};
		7CEC001E2BF0FCF900C29F36 /* PBXTargetDependency */ = {
			isa = PBXTargetDependency;
			target = 7CECFFE52BDD7B4000C29F36 /* Course App */;
			targetProxy = 7CEC001D2BF0FCF900C29F36 /* PBXContainerItemProxy */;
		};
		7CEC002B2BF0FD2100C29F36 /* PBXTargetDependency */ = {
			isa = PBXTargetDependency;
			target = 7CECFFE52BDD7B4000C29F36 /* Course App */;
			targetProxy = 7CEC002A2BF0FD2100C29F36 /* PBXContainerItemProxy */;
		};
/* End PBXTargetDependency section */

/* Begin XCBuildConfiguration section */
		7CEC00082BDD7B4200C29F36 /* Development - Debug */ = {
			isa = XCBuildConfiguration;
			baseConfigurationReference = 7CEC00302BF0FF8E00C29F36 /* Development.xcconfig */;
			buildSettings = {
				ALWAYS_SEARCH_USER_PATHS = NO;
				ASSETCATALOG_COMPILER_GENERATE_SWIFT_ASSET_SYMBOL_EXTENSIONS = YES;
				CLANG_ANALYZER_NONNULL = YES;
				CLANG_ANALYZER_NUMBER_OBJECT_CONVERSION = YES_AGGRESSIVE;
				CLANG_CXX_LANGUAGE_STANDARD = "gnu++20";
				CLANG_ENABLE_MODULES = YES;
				CLANG_ENABLE_OBJC_ARC = YES;
				CLANG_ENABLE_OBJC_WEAK = YES;
				CLANG_WARN_BLOCK_CAPTURE_AUTORELEASING = YES;
				CLANG_WARN_BOOL_CONVERSION = YES;
				CLANG_WARN_COMMA = YES;
				CLANG_WARN_CONSTANT_CONVERSION = YES;
				CLANG_WARN_DEPRECATED_OBJC_IMPLEMENTATIONS = YES;
				CLANG_WARN_DIRECT_OBJC_ISA_USAGE = YES_ERROR;
				CLANG_WARN_DOCUMENTATION_COMMENTS = YES;
				CLANG_WARN_EMPTY_BODY = YES;
				CLANG_WARN_ENUM_CONVERSION = YES;
				CLANG_WARN_INFINITE_RECURSION = YES;
				CLANG_WARN_INT_CONVERSION = YES;
				CLANG_WARN_NON_LITERAL_NULL_CONVERSION = YES;
				CLANG_WARN_OBJC_IMPLICIT_RETAIN_SELF = YES;
				CLANG_WARN_OBJC_LITERAL_CONVERSION = YES;
				CLANG_WARN_OBJC_ROOT_CLASS = YES_ERROR;
				CLANG_WARN_QUOTED_INCLUDE_IN_FRAMEWORK_HEADER = YES;
				CLANG_WARN_RANGE_LOOP_ANALYSIS = YES;
				CLANG_WARN_STRICT_PROTOTYPES = YES;
				CLANG_WARN_SUSPICIOUS_MOVE = YES;
				CLANG_WARN_UNGUARDED_AVAILABILITY = YES_AGGRESSIVE;
				CLANG_WARN_UNREACHABLE_CODE = YES;
				CLANG_WARN__DUPLICATE_METHOD_MATCH = YES;
				COPY_PHASE_STRIP = NO;
				DEBUG_INFORMATION_FORMAT = dwarf;
				ENABLE_STRICT_OBJC_MSGSEND = YES;
				ENABLE_TESTABILITY = YES;
				ENABLE_USER_SCRIPT_SANDBOXING = YES;
				GCC_C_LANGUAGE_STANDARD = gnu17;
				GCC_DYNAMIC_NO_PIC = NO;
				GCC_NO_COMMON_BLOCKS = YES;
				GCC_OPTIMIZATION_LEVEL = 0;
				GCC_PREPROCESSOR_DEFINITIONS = (
					"DEBUG=1",
					"$(inherited)",
				);
				GCC_WARN_64_TO_32_BIT_CONVERSION = YES;
				GCC_WARN_ABOUT_RETURN_TYPE = YES_ERROR;
				GCC_WARN_UNDECLARED_SELECTOR = YES;
				GCC_WARN_UNINITIALIZED_AUTOS = YES_AGGRESSIVE;
				GCC_WARN_UNUSED_FUNCTION = YES;
				GCC_WARN_UNUSED_VARIABLE = YES;
				IPHONEOS_DEPLOYMENT_TARGET = 17.2;
				LOCALIZATION_PREFERS_STRING_CATALOGS = YES;
				MTL_ENABLE_DEBUG_INFO = INCLUDE_SOURCE;
				MTL_FAST_MATH = YES;
				ONLY_ACTIVE_ARCH = YES;
				SDKROOT = iphoneos;
				SWIFT_ACTIVE_COMPILATION_CONDITIONS = "DEBUG $(inherited)";
				SWIFT_OPTIMIZATION_LEVEL = "-Onone";
			};
			name = "Development - Debug";
		};
		7CEC00092BDD7B4200C29F36 /* Development - Release */ = {
			isa = XCBuildConfiguration;
			baseConfigurationReference = 7CEC00302BF0FF8E00C29F36 /* Development.xcconfig */;
			buildSettings = {
				ALWAYS_SEARCH_USER_PATHS = NO;
				ASSETCATALOG_COMPILER_GENERATE_SWIFT_ASSET_SYMBOL_EXTENSIONS = YES;
				CLANG_ANALYZER_NONNULL = YES;
				CLANG_ANALYZER_NUMBER_OBJECT_CONVERSION = YES_AGGRESSIVE;
				CLANG_CXX_LANGUAGE_STANDARD = "gnu++20";
				CLANG_ENABLE_MODULES = YES;
				CLANG_ENABLE_OBJC_ARC = YES;
				CLANG_ENABLE_OBJC_WEAK = YES;
				CLANG_WARN_BLOCK_CAPTURE_AUTORELEASING = YES;
				CLANG_WARN_BOOL_CONVERSION = YES;
				CLANG_WARN_COMMA = YES;
				CLANG_WARN_CONSTANT_CONVERSION = YES;
				CLANG_WARN_DEPRECATED_OBJC_IMPLEMENTATIONS = YES;
				CLANG_WARN_DIRECT_OBJC_ISA_USAGE = YES_ERROR;
				CLANG_WARN_DOCUMENTATION_COMMENTS = YES;
				CLANG_WARN_EMPTY_BODY = YES;
				CLANG_WARN_ENUM_CONVERSION = YES;
				CLANG_WARN_INFINITE_RECURSION = YES;
				CLANG_WARN_INT_CONVERSION = YES;
				CLANG_WARN_NON_LITERAL_NULL_CONVERSION = YES;
				CLANG_WARN_OBJC_IMPLICIT_RETAIN_SELF = YES;
				CLANG_WARN_OBJC_LITERAL_CONVERSION = YES;
				CLANG_WARN_OBJC_ROOT_CLASS = YES_ERROR;
				CLANG_WARN_QUOTED_INCLUDE_IN_FRAMEWORK_HEADER = YES;
				CLANG_WARN_RANGE_LOOP_ANALYSIS = YES;
				CLANG_WARN_STRICT_PROTOTYPES = YES;
				CLANG_WARN_SUSPICIOUS_MOVE = YES;
				CLANG_WARN_UNGUARDED_AVAILABILITY = YES_AGGRESSIVE;
				CLANG_WARN_UNREACHABLE_CODE = YES;
				CLANG_WARN__DUPLICATE_METHOD_MATCH = YES;
				COPY_PHASE_STRIP = NO;
				DEBUG_INFORMATION_FORMAT = "dwarf-with-dsym";
				ENABLE_NS_ASSERTIONS = NO;
				ENABLE_STRICT_OBJC_MSGSEND = YES;
				ENABLE_USER_SCRIPT_SANDBOXING = YES;
				GCC_C_LANGUAGE_STANDARD = gnu17;
				GCC_NO_COMMON_BLOCKS = YES;
				GCC_WARN_64_TO_32_BIT_CONVERSION = YES;
				GCC_WARN_ABOUT_RETURN_TYPE = YES_ERROR;
				GCC_WARN_UNDECLARED_SELECTOR = YES;
				GCC_WARN_UNINITIALIZED_AUTOS = YES_AGGRESSIVE;
				GCC_WARN_UNUSED_FUNCTION = YES;
				GCC_WARN_UNUSED_VARIABLE = YES;
				IPHONEOS_DEPLOYMENT_TARGET = 17.2;
				LOCALIZATION_PREFERS_STRING_CATALOGS = YES;
				MTL_ENABLE_DEBUG_INFO = NO;
				MTL_FAST_MATH = YES;
				SDKROOT = iphoneos;
				SWIFT_COMPILATION_MODE = wholemodule;
				VALIDATE_PRODUCT = YES;
			};
			name = "Development - Release";
		};
		7CEC000B2BDD7B4200C29F36 /* Development - Debug */ = {
			isa = XCBuildConfiguration;
			buildSettings = {
				ASSETCATALOG_COMPILER_APPICON_NAME = AppIcon;
				ASSETCATALOG_COMPILER_GLOBAL_ACCENT_COLOR_NAME = AccentColor;
				CODE_SIGN_STYLE = Automatic;
				CURRENT_PROJECT_VERSION = 1;
				DEVELOPMENT_ASSET_PATHS = "\"Course App/Preview Content\"";
				DEVELOPMENT_TEAM = 39VLDXFD6C;
				ENABLE_PREVIEWS = YES;
				GENERATE_INFOPLIST_FILE = YES;
				INFOPLIST_FILE = "Course-App-Info.plist";
				INFOPLIST_KEY_LSApplicationCategoryType = "";
				INFOPLIST_KEY_UIApplicationSceneManifest_Generation = YES;
				INFOPLIST_KEY_UIApplicationSupportsIndirectInputEvents = YES;
				INFOPLIST_KEY_UILaunchScreen_Generation = YES;
				INFOPLIST_KEY_UISupportedInterfaceOrientations = UIInterfaceOrientationPortrait;
				LD_RUNPATH_SEARCH_PATHS = (
					"$(inherited)",
					"@executable_path/Frameworks",
				);
				MARKETING_VERSION = 1.0;
				PRODUCT_BUNDLE_IDENTIFIER = "$(APP_BUNDLE_IDENTIFIER)";
				PRODUCT_NAME = "$(APP_BUNDLE_NAME)";
				SUPPORTED_PLATFORMS = "iphoneos iphonesimulator";
				SUPPORTS_MACCATALYST = NO;
				SUPPORTS_MAC_DESIGNED_FOR_IPHONE_IPAD = NO;
				SWIFT_EMIT_LOC_STRINGS = YES;
				SWIFT_VERSION = 5.0;
				TARGETED_DEVICE_FAMILY = "1,2";
			};
			name = "Development - Debug";
		};
		7CEC000C2BDD7B4200C29F36 /* Development - Release */ = {
			isa = XCBuildConfiguration;
			buildSettings = {
				ASSETCATALOG_COMPILER_APPICON_NAME = AppIcon;
				ASSETCATALOG_COMPILER_GLOBAL_ACCENT_COLOR_NAME = AccentColor;
				CODE_SIGN_STYLE = Automatic;
				CURRENT_PROJECT_VERSION = 1;
				DEVELOPMENT_ASSET_PATHS = "\"Course App/Preview Content\"";
				DEVELOPMENT_TEAM = 39VLDXFD6C;
				ENABLE_PREVIEWS = YES;
				GENERATE_INFOPLIST_FILE = YES;
				INFOPLIST_FILE = "Course-App-Info.plist";
				INFOPLIST_KEY_LSApplicationCategoryType = "";
				INFOPLIST_KEY_UIApplicationSceneManifest_Generation = YES;
				INFOPLIST_KEY_UIApplicationSupportsIndirectInputEvents = YES;
				INFOPLIST_KEY_UILaunchScreen_Generation = YES;
				INFOPLIST_KEY_UISupportedInterfaceOrientations = UIInterfaceOrientationPortrait;
				LD_RUNPATH_SEARCH_PATHS = (
					"$(inherited)",
					"@executable_path/Frameworks",
				);
				MARKETING_VERSION = 1.0;
				PRODUCT_BUNDLE_IDENTIFIER = "$(APP_BUNDLE_IDENTIFIER)";
				PRODUCT_NAME = "$(APP_BUNDLE_NAME)";
				SUPPORTED_PLATFORMS = "iphoneos iphonesimulator";
				SUPPORTS_MACCATALYST = NO;
				SUPPORTS_MAC_DESIGNED_FOR_IPHONE_IPAD = NO;
				SWIFT_EMIT_LOC_STRINGS = YES;
				SWIFT_VERSION = 5.0;
				TARGETED_DEVICE_FAMILY = "1,2";
			};
			name = "Development - Release";
		};
		7CEC00202BF0FCF900C29F36 /* Development - Debug */ = {
			isa = XCBuildConfiguration;
			buildSettings = {
				CODE_SIGN_STYLE = Automatic;
				CURRENT_PROJECT_VERSION = 1;
				DEVELOPMENT_TEAM = 39VLDXFD6C;
				GENERATE_INFOPLIST_FILE = YES;
				MARKETING_VERSION = 1.0;
				PRODUCT_BUNDLE_IDENTIFIER = "reyes.gerardo.course.app.Course-AppUITests";
				PRODUCT_NAME = "$(TARGET_NAME)";
				SWIFT_EMIT_LOC_STRINGS = NO;
				SWIFT_VERSION = 5.0;
				TARGETED_DEVICE_FAMILY = "1,2";
				TEST_TARGET_NAME = "Course App";
			};
			name = "Development - Debug";
		};
		7CEC00212BF0FCF900C29F36 /* Development - Release */ = {
			isa = XCBuildConfiguration;
			buildSettings = {
				CODE_SIGN_STYLE = Automatic;
				CURRENT_PROJECT_VERSION = 1;
				DEVELOPMENT_TEAM = 39VLDXFD6C;
				GENERATE_INFOPLIST_FILE = YES;
				MARKETING_VERSION = 1.0;
				PRODUCT_BUNDLE_IDENTIFIER = "reyes.gerardo.course.app.Course-AppUITests";
				PRODUCT_NAME = "$(TARGET_NAME)";
				SWIFT_EMIT_LOC_STRINGS = NO;
				SWIFT_VERSION = 5.0;
				TARGETED_DEVICE_FAMILY = "1,2";
				TEST_TARGET_NAME = "Course App";
			};
			name = "Development - Release";
		};
		7CEC002D2BF0FD2100C29F36 /* Development - Debug */ = {
			isa = XCBuildConfiguration;
			buildSettings = {
				BUNDLE_LOADER = "$(TEST_HOST)";
				CODE_SIGN_STYLE = Automatic;
				CURRENT_PROJECT_VERSION = 1;
				DEVELOPMENT_TEAM = 39VLDXFD6C;
				GENERATE_INFOPLIST_FILE = YES;
				MARKETING_VERSION = 1.0;
				PRODUCT_BUNDLE_IDENTIFIER = "reyes.gerardo.course.app.Course-AppTests";
				PRODUCT_NAME = "$(TARGET_NAME)";
				SWIFT_EMIT_LOC_STRINGS = NO;
				SWIFT_VERSION = 5.0;
				TARGETED_DEVICE_FAMILY = "1,2";
				TEST_HOST = "$(BUILT_PRODUCTS_DIR)/Course App.app/$(BUNDLE_EXECUTABLE_FOLDER_PATH)/Course App";
			};
			name = "Development - Debug";
		};
		7CEC002E2BF0FD2100C29F36 /* Development - Release */ = {
			isa = XCBuildConfiguration;
			buildSettings = {
				BUNDLE_LOADER = "$(TEST_HOST)";
				CODE_SIGN_STYLE = Automatic;
				CURRENT_PROJECT_VERSION = 1;
				DEVELOPMENT_TEAM = 39VLDXFD6C;
				GENERATE_INFOPLIST_FILE = YES;
				MARKETING_VERSION = 1.0;
				PRODUCT_BUNDLE_IDENTIFIER = "reyes.gerardo.course.app.Course-AppTests";
				PRODUCT_NAME = "$(TARGET_NAME)";
				SWIFT_EMIT_LOC_STRINGS = NO;
				SWIFT_VERSION = 5.0;
				TARGETED_DEVICE_FAMILY = "1,2";
				TEST_HOST = "$(BUILT_PRODUCTS_DIR)/Course App.app/$(BUNDLE_EXECUTABLE_FOLDER_PATH)/Course App";
			};
			name = "Development - Release";
		};
		7CEC00322BF100B900C29F36 /* Production - Debug */ = {
			isa = XCBuildConfiguration;
			baseConfigurationReference = 7CEC00312BF1003C00C29F36 /* Production.xcconfig */;
			buildSettings = {
				ALWAYS_SEARCH_USER_PATHS = NO;
				ASSETCATALOG_COMPILER_GENERATE_SWIFT_ASSET_SYMBOL_EXTENSIONS = YES;
				CLANG_ANALYZER_NONNULL = YES;
				CLANG_ANALYZER_NUMBER_OBJECT_CONVERSION = YES_AGGRESSIVE;
				CLANG_CXX_LANGUAGE_STANDARD = "gnu++20";
				CLANG_ENABLE_MODULES = YES;
				CLANG_ENABLE_OBJC_ARC = YES;
				CLANG_ENABLE_OBJC_WEAK = YES;
				CLANG_WARN_BLOCK_CAPTURE_AUTORELEASING = YES;
				CLANG_WARN_BOOL_CONVERSION = YES;
				CLANG_WARN_COMMA = YES;
				CLANG_WARN_CONSTANT_CONVERSION = YES;
				CLANG_WARN_DEPRECATED_OBJC_IMPLEMENTATIONS = YES;
				CLANG_WARN_DIRECT_OBJC_ISA_USAGE = YES_ERROR;
				CLANG_WARN_DOCUMENTATION_COMMENTS = YES;
				CLANG_WARN_EMPTY_BODY = YES;
				CLANG_WARN_ENUM_CONVERSION = YES;
				CLANG_WARN_INFINITE_RECURSION = YES;
				CLANG_WARN_INT_CONVERSION = YES;
				CLANG_WARN_NON_LITERAL_NULL_CONVERSION = YES;
				CLANG_WARN_OBJC_IMPLICIT_RETAIN_SELF = YES;
				CLANG_WARN_OBJC_LITERAL_CONVERSION = YES;
				CLANG_WARN_OBJC_ROOT_CLASS = YES_ERROR;
				CLANG_WARN_QUOTED_INCLUDE_IN_FRAMEWORK_HEADER = YES;
				CLANG_WARN_RANGE_LOOP_ANALYSIS = YES;
				CLANG_WARN_STRICT_PROTOTYPES = YES;
				CLANG_WARN_SUSPICIOUS_MOVE = YES;
				CLANG_WARN_UNGUARDED_AVAILABILITY = YES_AGGRESSIVE;
				CLANG_WARN_UNREACHABLE_CODE = YES;
				CLANG_WARN__DUPLICATE_METHOD_MATCH = YES;
				COPY_PHASE_STRIP = NO;
				DEBUG_INFORMATION_FORMAT = dwarf;
				ENABLE_STRICT_OBJC_MSGSEND = YES;
				ENABLE_TESTABILITY = YES;
				ENABLE_USER_SCRIPT_SANDBOXING = YES;
				GCC_C_LANGUAGE_STANDARD = gnu17;
				GCC_DYNAMIC_NO_PIC = NO;
				GCC_NO_COMMON_BLOCKS = YES;
				GCC_OPTIMIZATION_LEVEL = 0;
				GCC_PREPROCESSOR_DEFINITIONS = (
					"DEBUG=1",
					"$(inherited)",
				);
				GCC_WARN_64_TO_32_BIT_CONVERSION = YES;
				GCC_WARN_ABOUT_RETURN_TYPE = YES_ERROR;
				GCC_WARN_UNDECLARED_SELECTOR = YES;
				GCC_WARN_UNINITIALIZED_AUTOS = YES_AGGRESSIVE;
				GCC_WARN_UNUSED_FUNCTION = YES;
				GCC_WARN_UNUSED_VARIABLE = YES;
				IPHONEOS_DEPLOYMENT_TARGET = 17.2;
				LOCALIZATION_PREFERS_STRING_CATALOGS = YES;
				MTL_ENABLE_DEBUG_INFO = INCLUDE_SOURCE;
				MTL_FAST_MATH = YES;
				ONLY_ACTIVE_ARCH = YES;
				SDKROOT = iphoneos;
				SWIFT_ACTIVE_COMPILATION_CONDITIONS = "DEBUG $(inherited)";
				SWIFT_OPTIMIZATION_LEVEL = "-Onone";
			};
			name = "Production - Debug";
		};
		7CEC00332BF100B900C29F36 /* Production - Debug */ = {
			isa = XCBuildConfiguration;
			buildSettings = {
				ASSETCATALOG_COMPILER_APPICON_NAME = AppIcon;
				ASSETCATALOG_COMPILER_GLOBAL_ACCENT_COLOR_NAME = AccentColor;
				CODE_SIGN_STYLE = Automatic;
				CURRENT_PROJECT_VERSION = 1;
				DEVELOPMENT_ASSET_PATHS = "\"Course App/Preview Content\"";
				DEVELOPMENT_TEAM = 39VLDXFD6C;
				ENABLE_PREVIEWS = YES;
				GENERATE_INFOPLIST_FILE = YES;
				INFOPLIST_FILE = "Course-App-Info.plist";
				INFOPLIST_KEY_LSApplicationCategoryType = "";
				INFOPLIST_KEY_UIApplicationSceneManifest_Generation = YES;
				INFOPLIST_KEY_UIApplicationSupportsIndirectInputEvents = YES;
				INFOPLIST_KEY_UILaunchScreen_Generation = YES;
				INFOPLIST_KEY_UISupportedInterfaceOrientations = UIInterfaceOrientationPortrait;
				LD_RUNPATH_SEARCH_PATHS = (
					"$(inherited)",
					"@executable_path/Frameworks",
				);
				MARKETING_VERSION = 1.0;
				PRODUCT_BUNDLE_IDENTIFIER = "$(APP_BUNDLE_IDENTIFIER)";
				PRODUCT_NAME = "$(APP_BUNDLE_NAME)";
				SUPPORTED_PLATFORMS = "iphoneos iphonesimulator";
				SUPPORTS_MACCATALYST = NO;
				SUPPORTS_MAC_DESIGNED_FOR_IPHONE_IPAD = NO;
				SWIFT_EMIT_LOC_STRINGS = YES;
				SWIFT_VERSION = 5.0;
				TARGETED_DEVICE_FAMILY = "1,2";
			};
			name = "Production - Debug";
		};
		7CEC00342BF100B900C29F36 /* Production - Debug */ = {
			isa = XCBuildConfiguration;
			buildSettings = {
				CODE_SIGN_STYLE = Automatic;
				CURRENT_PROJECT_VERSION = 1;
				DEVELOPMENT_TEAM = 39VLDXFD6C;
				GENERATE_INFOPLIST_FILE = YES;
				MARKETING_VERSION = 1.0;
				PRODUCT_BUNDLE_IDENTIFIER = "reyes.gerardo.course.app.Course-AppUITests";
				PRODUCT_NAME = "$(TARGET_NAME)";
				SWIFT_EMIT_LOC_STRINGS = NO;
				SWIFT_VERSION = 5.0;
				TARGETED_DEVICE_FAMILY = "1,2";
				TEST_TARGET_NAME = "Course App";
			};
			name = "Production - Debug";
		};
		7CEC00352BF100B900C29F36 /* Production - Debug */ = {
			isa = XCBuildConfiguration;
			buildSettings = {
				BUNDLE_LOADER = "$(TEST_HOST)";
				CODE_SIGN_STYLE = Automatic;
				CURRENT_PROJECT_VERSION = 1;
				DEVELOPMENT_TEAM = 39VLDXFD6C;
				GENERATE_INFOPLIST_FILE = YES;
				MARKETING_VERSION = 1.0;
				PRODUCT_BUNDLE_IDENTIFIER = "reyes.gerardo.course.app.Course-AppTests";
				PRODUCT_NAME = "$(TARGET_NAME)";
				SWIFT_EMIT_LOC_STRINGS = NO;
				SWIFT_VERSION = 5.0;
				TARGETED_DEVICE_FAMILY = "1,2";
				TEST_HOST = "$(BUILT_PRODUCTS_DIR)/Course App.app/$(BUNDLE_EXECUTABLE_FOLDER_PATH)/Course App";
			};
			name = "Production - Debug";
		};
		7CEC003A2BF100E500C29F36 /* Production - Release */ = {
			isa = XCBuildConfiguration;
			baseConfigurationReference = 7CEC00312BF1003C00C29F36 /* Production.xcconfig */;
			buildSettings = {
				ALWAYS_SEARCH_USER_PATHS = NO;
				ASSETCATALOG_COMPILER_GENERATE_SWIFT_ASSET_SYMBOL_EXTENSIONS = YES;
				CLANG_ANALYZER_NONNULL = YES;
				CLANG_ANALYZER_NUMBER_OBJECT_CONVERSION = YES_AGGRESSIVE;
				CLANG_CXX_LANGUAGE_STANDARD = "gnu++20";
				CLANG_ENABLE_MODULES = YES;
				CLANG_ENABLE_OBJC_ARC = YES;
				CLANG_ENABLE_OBJC_WEAK = YES;
				CLANG_WARN_BLOCK_CAPTURE_AUTORELEASING = YES;
				CLANG_WARN_BOOL_CONVERSION = YES;
				CLANG_WARN_COMMA = YES;
				CLANG_WARN_CONSTANT_CONVERSION = YES;
				CLANG_WARN_DEPRECATED_OBJC_IMPLEMENTATIONS = YES;
				CLANG_WARN_DIRECT_OBJC_ISA_USAGE = YES_ERROR;
				CLANG_WARN_DOCUMENTATION_COMMENTS = YES;
				CLANG_WARN_EMPTY_BODY = YES;
				CLANG_WARN_ENUM_CONVERSION = YES;
				CLANG_WARN_INFINITE_RECURSION = YES;
				CLANG_WARN_INT_CONVERSION = YES;
				CLANG_WARN_NON_LITERAL_NULL_CONVERSION = YES;
				CLANG_WARN_OBJC_IMPLICIT_RETAIN_SELF = YES;
				CLANG_WARN_OBJC_LITERAL_CONVERSION = YES;
				CLANG_WARN_OBJC_ROOT_CLASS = YES_ERROR;
				CLANG_WARN_QUOTED_INCLUDE_IN_FRAMEWORK_HEADER = YES;
				CLANG_WARN_RANGE_LOOP_ANALYSIS = YES;
				CLANG_WARN_STRICT_PROTOTYPES = YES;
				CLANG_WARN_SUSPICIOUS_MOVE = YES;
				CLANG_WARN_UNGUARDED_AVAILABILITY = YES_AGGRESSIVE;
				CLANG_WARN_UNREACHABLE_CODE = YES;
				CLANG_WARN__DUPLICATE_METHOD_MATCH = YES;
				COPY_PHASE_STRIP = NO;
				DEBUG_INFORMATION_FORMAT = "dwarf-with-dsym";
				ENABLE_NS_ASSERTIONS = NO;
				ENABLE_STRICT_OBJC_MSGSEND = YES;
				ENABLE_USER_SCRIPT_SANDBOXING = YES;
				GCC_C_LANGUAGE_STANDARD = gnu17;
				GCC_NO_COMMON_BLOCKS = YES;
				GCC_WARN_64_TO_32_BIT_CONVERSION = YES;
				GCC_WARN_ABOUT_RETURN_TYPE = YES_ERROR;
				GCC_WARN_UNDECLARED_SELECTOR = YES;
				GCC_WARN_UNINITIALIZED_AUTOS = YES_AGGRESSIVE;
				GCC_WARN_UNUSED_FUNCTION = YES;
				GCC_WARN_UNUSED_VARIABLE = YES;
				IPHONEOS_DEPLOYMENT_TARGET = 17.2;
				LOCALIZATION_PREFERS_STRING_CATALOGS = YES;
				MTL_ENABLE_DEBUG_INFO = NO;
				MTL_FAST_MATH = YES;
				SDKROOT = iphoneos;
				SWIFT_COMPILATION_MODE = wholemodule;
				VALIDATE_PRODUCT = YES;
			};
			name = "Production - Release";
		};
		7CEC003B2BF100E500C29F36 /* Production - Release */ = {
			isa = XCBuildConfiguration;
			buildSettings = {
				ASSETCATALOG_COMPILER_APPICON_NAME = AppIcon;
				ASSETCATALOG_COMPILER_GLOBAL_ACCENT_COLOR_NAME = AccentColor;
				CODE_SIGN_STYLE = Automatic;
				CURRENT_PROJECT_VERSION = 1;
				DEVELOPMENT_ASSET_PATHS = "\"Course App/Preview Content\"";
				DEVELOPMENT_TEAM = 39VLDXFD6C;
				ENABLE_PREVIEWS = YES;
				GENERATE_INFOPLIST_FILE = YES;
				INFOPLIST_FILE = "Course-App-Info.plist";
				INFOPLIST_KEY_LSApplicationCategoryType = "";
				INFOPLIST_KEY_UIApplicationSceneManifest_Generation = YES;
				INFOPLIST_KEY_UIApplicationSupportsIndirectInputEvents = YES;
				INFOPLIST_KEY_UILaunchScreen_Generation = YES;
				INFOPLIST_KEY_UISupportedInterfaceOrientations = UIInterfaceOrientationPortrait;
				LD_RUNPATH_SEARCH_PATHS = (
					"$(inherited)",
					"@executable_path/Frameworks",
				);
				MARKETING_VERSION = 1.0;
				PRODUCT_BUNDLE_IDENTIFIER = "$(APP_BUNDLE_IDENTIFIER)";
				PRODUCT_NAME = "$(APP_BUNDLE_NAME)";
				SUPPORTED_PLATFORMS = "iphoneos iphonesimulator";
				SUPPORTS_MACCATALYST = NO;
				SUPPORTS_MAC_DESIGNED_FOR_IPHONE_IPAD = NO;
				SWIFT_EMIT_LOC_STRINGS = YES;
				SWIFT_VERSION = 5.0;
				TARGETED_DEVICE_FAMILY = "1,2";
			};
			name = "Production - Release";
		};
		7CEC003C2BF100E500C29F36 /* Production - Release */ = {
			isa = XCBuildConfiguration;
			buildSettings = {
				CODE_SIGN_STYLE = Automatic;
				CURRENT_PROJECT_VERSION = 1;
				DEVELOPMENT_TEAM = 39VLDXFD6C;
				GENERATE_INFOPLIST_FILE = YES;
				MARKETING_VERSION = 1.0;
				PRODUCT_BUNDLE_IDENTIFIER = "reyes.gerardo.course.app.Course-AppUITests";
				PRODUCT_NAME = "$(TARGET_NAME)";
				SWIFT_EMIT_LOC_STRINGS = NO;
				SWIFT_VERSION = 5.0;
				TARGETED_DEVICE_FAMILY = "1,2";
				TEST_TARGET_NAME = "Course App";
			};
			name = "Production - Release";
		};
		7CEC003D2BF100E500C29F36 /* Production - Release */ = {
			isa = XCBuildConfiguration;
			buildSettings = {
				BUNDLE_LOADER = "$(TEST_HOST)";
				CODE_SIGN_STYLE = Automatic;
				CURRENT_PROJECT_VERSION = 1;
				DEVELOPMENT_TEAM = 39VLDXFD6C;
				GENERATE_INFOPLIST_FILE = YES;
				MARKETING_VERSION = 1.0;
				PRODUCT_BUNDLE_IDENTIFIER = "reyes.gerardo.course.app.Course-AppTests";
				PRODUCT_NAME = "$(TARGET_NAME)";
				SWIFT_EMIT_LOC_STRINGS = NO;
				SWIFT_VERSION = 5.0;
				TARGETED_DEVICE_FAMILY = "1,2";
				TEST_HOST = "$(BUILT_PRODUCTS_DIR)/Course App.app/$(BUNDLE_EXECUTABLE_FOLDER_PATH)/Course App";
			};
			name = "Production - Release";
		};
/* End XCBuildConfiguration section */

/* Begin XCConfigurationList section */
		7CEC000A2BDD7B4200C29F36 /* Build configuration list for PBXNativeTarget "Course App" */ = {
			isa = XCConfigurationList;
			buildConfigurations = (
				7CEC000B2BDD7B4200C29F36 /* Development - Debug */,
				7CEC00332BF100B900C29F36 /* Production - Debug */,
				7CEC000C2BDD7B4200C29F36 /* Development - Release */,
				7CEC003B2BF100E500C29F36 /* Production - Release */,
			);
			defaultConfigurationIsVisible = 0;
			defaultConfigurationName = "Development - Release";
		};
		7CEC001F2BF0FCF900C29F36 /* Build configuration list for PBXNativeTarget "Course AppUITests" */ = {
			isa = XCConfigurationList;
			buildConfigurations = (
				7CEC00202BF0FCF900C29F36 /* Development - Debug */,
				7CEC00342BF100B900C29F36 /* Production - Debug */,
				7CEC00212BF0FCF900C29F36 /* Development - Release */,
				7CEC003C2BF100E500C29F36 /* Production - Release */,
			);
			defaultConfigurationIsVisible = 0;
			defaultConfigurationName = "Development - Release";
		};
		7CEC002C2BF0FD2100C29F36 /* Build configuration list for PBXNativeTarget "Course AppTests" */ = {
			isa = XCConfigurationList;
			buildConfigurations = (
				7CEC002D2BF0FD2100C29F36 /* Development - Debug */,
				7CEC00352BF100B900C29F36 /* Production - Debug */,
				7CEC002E2BF0FD2100C29F36 /* Development - Release */,
				7CEC003D2BF100E500C29F36 /* Production - Release */,
			);
			defaultConfigurationIsVisible = 0;
			defaultConfigurationName = "Development - Release";
		};
		7CECFFE12BDD7B4000C29F36 /* Build configuration list for PBXProject "Course App" */ = {
			isa = XCConfigurationList;
			buildConfigurations = (
				7CEC00082BDD7B4200C29F36 /* Development - Debug */,
				7CEC00322BF100B900C29F36 /* Production - Debug */,
				7CEC00092BDD7B4200C29F36 /* Development - Release */,
				7CEC003A2BF100E500C29F36 /* Production - Release */,
			);
			defaultConfigurationIsVisible = 0;
			defaultConfigurationName = "Development - Release";
		};
/* End XCConfigurationList section */

/* Begin XCRemoteSwiftPackageReference section */
		7C5D5F002BF1226F006A7DDF /* XCRemoteSwiftPackageReference "SwiftLint" */ = {
			isa = XCRemoteSwiftPackageReference;
			repositoryURL = "https://github.com/realm/SwiftLint.git";
			requirement = {
				kind = upToNextMajorVersion;
				minimumVersion = 0.55.0;
			};
		};
		7C5D5F032BF3B4D0006A7DDF /* XCRemoteSwiftPackageReference "firebase-ios-sdk" */ = {
			isa = XCRemoteSwiftPackageReference;
			repositoryURL = "https://github.com/firebase/firebase-ios-sdk";
			requirement = {
				kind = upToNextMajorVersion;
				minimumVersion = 10.25.0;
			};
		};
/* End XCRemoteSwiftPackageReference section */

/* Begin XCSwiftPackageProductDependency section */
		7C5D5F012BF3B1BB006A7DDF /* SwiftLintBuildToolPlugin */ = {
			isa = XCSwiftPackageProductDependency;
			package = 7C5D5F002BF1226F006A7DDF /* XCRemoteSwiftPackageReference "SwiftLint" */;
			productName = "plugin:SwiftLintBuildToolPlugin";
		};
		7C5D5F042BF3B4D0006A7DDF /* FirebaseAuth */ = {
			isa = XCSwiftPackageProductDependency;
			package = 7C5D5F032BF3B4D0006A7DDF /* XCRemoteSwiftPackageReference "firebase-ios-sdk" */;
			productName = FirebaseAuth;
		};
		7C5D5F062BF3B4D0006A7DDF /* FirebaseFirestore */ = {
			isa = XCSwiftPackageProductDependency;
			package = 7C5D5F032BF3B4D0006A7DDF /* XCRemoteSwiftPackageReference "firebase-ios-sdk" */;
			productName = FirebaseFirestore;
		};
		7C5D5F7F2BF5181A006A7DDF /* FirebaseStorage */ = {
			isa = XCSwiftPackageProductDependency;
			package = 7C5D5F032BF3B4D0006A7DDF /* XCRemoteSwiftPackageReference "firebase-ios-sdk" */;
			productName = FirebaseStorage;
		};
/* End XCSwiftPackageProductDependency section */
	};
	rootObject = 7CECFFDE2BDD7B4000C29F36 /* Project object */;
}
